
Microsoft Visual Studio Solution File, Format Version 12.00
# Visual Studio Version 17
VisualStudioVersion = 17.11.35312.102
MinimumVisualStudioVersion = 10.0.40219.1
Project("{9A19103F-16F7-4668-BE54-9A1E7A4F7556}") = "RefresherApp.API", "RefresherApp.API\RefresherApp.API.csproj", "{2F8E462C-F323-428B-AC3D-C096AAB61450}"
	ProjectSection(ProjectDependencies) = postProject
		{9F1FED3B-3493-40C3-8F58-7EF93564D6FF} = {9F1FED3B-3493-40C3-8F58-7EF93564D6FF}
	EndProjectSection
EndProject
Project("{9A19103F-16F7-4668-BE54-9A1E7A4F7556}") = "RefresherApp.Infrastructure", "RefresherApp.Infrastructure\RefresherApp.Infrastructure.csproj", "{F54FC1AF-A69A-4524-A325-91B4AA753C4C}"
EndProject
Project("{2150E333-8FDC-42A3-9474-1A3956D46DE8}") = "RefresherApp.Domain", "RefresherApp.Domain", "{BB73A87B-A199-4775-99FD-E6FC1FB18E41}"
EndProject
Project("{2150E333-8FDC-42A3-9474-1A3956D46DE8}") = "Entities", "Entities", "{9F2244DE-CDCC-49FF-94CB-C7FCE7B06762}"
EndProject
Project("{9A19103F-16F7-4668-BE54-9A1E7A4F7556}") = "RefresherApp.Domain.Entities.Examples", "ExamplesEntities\RefresherApp.Domain.Entities.Examples.csproj", "{AE7BAD18-A49B-4765-8143-4455531C36A4}"
EndProject
Project("{2150E333-8FDC-42A3-9474-1A3956D46DE8}") = "RefresherApp.Shared", "RefresherApp.Shared", "{422305D0-B300-401F-B106-483A4347BE13}"
EndProject
Project("{2150E333-8FDC-42A3-9474-1A3956D46DE8}") = "DTOs", "DTOs", "{6D352FAF-E78B-4DE2-8AE3-39E880A31AA2}"
EndProject
Project("{2150E333-8FDC-42A3-9474-1A3956D46DE8}") = "Common", "Common", "{D21F9F75-6917-49BA-91DF-D015033AE032}"
EndProject
Project("{2150E333-8FDC-42A3-9474-1A3956D46DE8}") = "RefresherApp.Test", "RefresherApp.Test", "{5549A927-5432-4FF1-B972-51C700818BF8}"
EndProject
Project("{9A19103F-16F7-4668-BE54-9A1E7A4F7556}") = "RefresherApp.Test.Examples", "Tests\ExampleTest\RefresherApp.Test.Examples.csproj", "{DCD4DD8F-D305-48B9-A62E-0FC8A3DE86A5}"
EndProject
Project("{2150E333-8FDC-42A3-9474-1A3956D46DE8}") = "RefresherApp.Application", "RefresherApp.Application", "{FCDC6D85-6205-475A-8650-1DCB77DE9CE1}"
EndProject
Project("{FAE04EC0-301F-11D3-BF4B-00C04F79EFBC}") = "RefresherApp.Application.Examples", "RefresherApp.Application\RefresherApp.Application.Examples\Application.Examples\RefresherApp.Application.Examples.csproj", "{9F1FED3B-3493-40C3-8F58-7EF93564D6FF}"
EndProject
Project("{54A90642-561A-4BB1-A94E-469ADEE60C69}") = "RefresherApp.UI", "RefresherApp.UI\RefresherApp.UI.esproj", "{84D6A9C6-C013-40E5-B606-EECB3AD0B014}"
EndProject
Project("{FAE04EC0-301F-11D3-BF4B-00C04F79EFBC}") = "RefresherApp.Shared.Examples", "RefresherApp.Shared.Examples\RefresherApp.Shared.Examples.csproj", "{6C6912B0-B3B1-4613-8D4E-E4A82AF52205}"
EndProject
Project("{FAE04EC0-301F-11D3-BF4B-00C04F79EFBC}") = "RefresherApp.Shared.Common", "RefresherApp.Shared.Common\RefresherApp.Shared.Common.csproj", "{7258330F-198A-4C93-AFBF-972AD7E35449}"
EndProject
Project("{FAE04EC0-301F-11D3-BF4B-00C04F79EFBC}") = "RefresherApp.Domain.Entities.Processes", "RefresherApp.Domain.Entities.Processes\RefresherApp.Domain.Entities.Processes.csproj", "{BED519A2-0A8D-4DEB-AA4A-68BFA3A17475}"
EndProject
Global
	GlobalSection(SolutionConfigurationPlatforms) = preSolution
		Debug|Any CPU = Debug|Any CPU
		Release|Any CPU = Release|Any CPU
	EndGlobalSection
	GlobalSection(ProjectConfigurationPlatforms) = postSolution
		{2F8E462C-F323-428B-AC3D-C096AAB61450}.Debug|Any CPU.ActiveCfg = Debug|Any CPU
		{2F8E462C-F323-428B-AC3D-C096AAB61450}.Debug|Any CPU.Build.0 = Debug|Any CPU
		{2F8E462C-F323-428B-AC3D-C096AAB61450}.Release|Any CPU.ActiveCfg = Release|Any CPU
		{2F8E462C-F323-428B-AC3D-C096AAB61450}.Release|Any CPU.Build.0 = Release|Any CPU
		{F54FC1AF-A69A-4524-A325-91B4AA753C4C}.Debug|Any CPU.ActiveCfg = Debug|Any CPU
		{F54FC1AF-A69A-4524-A325-91B4AA753C4C}.Debug|Any CPU.Build.0 = Debug|Any CPU
		{F54FC1AF-A69A-4524-A325-91B4AA753C4C}.Release|Any CPU.ActiveCfg = Release|Any CPU
		{F54FC1AF-A69A-4524-A325-91B4AA753C4C}.Release|Any CPU.Build.0 = Release|Any CPU
		{AE7BAD18-A49B-4765-8143-4455531C36A4}.Debug|Any CPU.ActiveCfg = Debug|Any CPU
		{AE7BAD18-A49B-4765-8143-4455531C36A4}.Debug|Any CPU.Build.0 = Debug|Any CPU
		{AE7BAD18-A49B-4765-8143-4455531C36A4}.Release|Any CPU.ActiveCfg = Release|Any CPU
		{AE7BAD18-A49B-4765-8143-4455531C36A4}.Release|Any CPU.Build.0 = Release|Any CPU
		{DCD4DD8F-D305-48B9-A62E-0FC8A3DE86A5}.Debug|Any CPU.ActiveCfg = Debug|Any CPU
		{DCD4DD8F-D305-48B9-A62E-0FC8A3DE86A5}.Debug|Any CPU.Build.0 = Debug|Any CPU
		{DCD4DD8F-D305-48B9-A62E-0FC8A3DE86A5}.Release|Any CPU.ActiveCfg = Release|Any CPU
		{DCD4DD8F-D305-48B9-A62E-0FC8A3DE86A5}.Release|Any CPU.Build.0 = Release|Any CPU
		{9F1FED3B-3493-40C3-8F58-7EF93564D6FF}.Debug|Any CPU.ActiveCfg = Debug|Any CPU
		{9F1FED3B-3493-40C3-8F58-7EF93564D6FF}.Debug|Any CPU.Build.0 = Debug|Any CPU
		{9F1FED3B-3493-40C3-8F58-7EF93564D6FF}.Release|Any CPU.ActiveCfg = Release|Any CPU
		{9F1FED3B-3493-40C3-8F58-7EF93564D6FF}.Release|Any CPU.Build.0 = Release|Any CPU
		{84D6A9C6-C013-40E5-B606-EECB3AD0B014}.Debug|Any CPU.ActiveCfg = Debug|Any CPU
		{84D6A9C6-C013-40E5-B606-EECB3AD0B014}.Debug|Any CPU.Build.0 = Debug|Any CPU
		{84D6A9C6-C013-40E5-B606-EECB3AD0B014}.Debug|Any CPU.Deploy.0 = Debug|Any CPU
		{84D6A9C6-C013-40E5-B606-EECB3AD0B014}.Release|Any CPU.ActiveCfg = Release|Any CPU
		{84D6A9C6-C013-40E5-B606-EECB3AD0B014}.Release|Any CPU.Build.0 = Release|Any CPU
		{84D6A9C6-C013-40E5-B606-EECB3AD0B014}.Release|Any CPU.Deploy.0 = Release|Any CPU
		{6C6912B0-B3B1-4613-8D4E-E4A82AF52205}.Debug|Any CPU.ActiveCfg = Debug|Any CPU
		{6C6912B0-B3B1-4613-8D4E-E4A82AF52205}.Debug|Any CPU.Build.0 = Debug|Any CPU
		{6C6912B0-B3B1-4613-8D4E-E4A82AF52205}.Release|Any CPU.ActiveCfg = Release|Any CPU
		{6C6912B0-B3B1-4613-8D4E-E4A82AF52205}.Release|Any CPU.Build.0 = Release|Any CPU
		{7258330F-198A-4C93-AFBF-972AD7E35449}.Debug|Any CPU.ActiveCfg = Debug|Any CPU
		{7258330F-198A-4C93-AFBF-972AD7E35449}.Debug|Any CPU.Build.0 = Debug|Any CPU
		{7258330F-198A-4C93-AFBF-972AD7E35449}.Release|Any CPU.ActiveCfg = Release|Any CPU
		{7258330F-198A-4C93-AFBF-972AD7E35449}.Release|Any CPU.Build.0 = Release|Any CPU
		{BED519A2-0A8D-4DEB-AA4A-68BFA3A17475}.Debug|Any CPU.ActiveCfg = Debug|Any CPU
		{BED519A2-0A8D-4DEB-AA4A-68BFA3A17475}.Debug|Any CPU.Build.0 = Debug|Any CPU
		{BED519A2-0A8D-4DEB-AA4A-68BFA3A17475}.Release|Any CPU.ActiveCfg = Release|Any CPU
		{BED519A2-0A8D-4DEB-AA4A-68BFA3A17475}.Release|Any CPU.Build.0 = Release|Any CPU
	EndGlobalSection
	GlobalSection(SolutionProperties) = preSolution
		HideSolutionNode = FALSE
	EndGlobalSection
	GlobalSection(NestedProjects) = preSolution
		{9F2244DE-CDCC-49FF-94CB-C7FCE7B06762} = {BB73A87B-A199-4775-99FD-E6FC1FB18E41}
		{AE7BAD18-A49B-4765-8143-4455531C36A4} = {9F2244DE-CDCC-49FF-94CB-C7FCE7B06762}
		{6D352FAF-E78B-4DE2-8AE3-39E880A31AA2} = {422305D0-B300-401F-B106-483A4347BE13}
		{D21F9F75-6917-49BA-91DF-D015033AE032} = {422305D0-B300-401F-B106-483A4347BE13}
		{DCD4DD8F-D305-48B9-A62E-0FC8A3DE86A5} = {5549A927-5432-4FF1-B972-51C700818BF8}
		{9F1FED3B-3493-40C3-8F58-7EF93564D6FF} = {FCDC6D85-6205-475A-8650-1DCB77DE9CE1}
		{6C6912B0-B3B1-4613-8D4E-E4A82AF52205} = {422305D0-B300-401F-B106-483A4347BE13}
		{7258330F-198A-4C93-AFBF-972AD7E35449} = {D21F9F75-6917-49BA-91DF-D015033AE032}
		{BED519A2-0A8D-4DEB-AA4A-68BFA3A17475} = {9F2244DE-CDCC-49FF-94CB-C7FCE7B06762}
	EndGlobalSection
	GlobalSection(ExtensibilityGlobals) = postSolution
		SolutionGuid = {0A6A0BDE-8530-4B33-96B2-15C265A9EF02}
	EndGlobalSection
EndGlobal
